Microsoft Visual Studio Solution File, Format Version 12.00
# Visual Studio Version 17
VisualStudioVersion = 17.5.2.0
MinimumVisualStudioVersion = 10.0.40219.1
Project("{FAE04EC0-301F-11D3-BF4B-00C04F79EFBC}") = "ManagementControlAPI", "ManagementControlAPI\ManagementControlAPI.csproj", "{0B4C37D9-53E6-031A-EF9B-074F474D7112}"
EndProject
Global
	GlobalSection(SolutionConfigurationPlatforms) = preSolution
		Debug|Any CPU = Debug|Any CPU
		Release|Any CPU = Release|Any CPU
	EndGlobalSection
	GlobalSection(ProjectConfigurationPlatforms) = postSolution
		{0B4C37D9-53E6-031A-EF9B-074F474D7112}.Debug|Any CPU.ActiveCfg = Debug|Any CPU
		{0B4C37D9-53E6-031A-EF9B-074F474D7112}.Debug|Any CPU.Build.0 = Debug|Any CPU
		{0B4C37D9-53E6-031A-EF9B-074F474D7112}.Release|Any CPU.ActiveCfg = Release|Any CPU
		{0B4C37D9-53E6-031A-EF9B-074F474D7112}.Release|Any CPU.Build.0 = Release|Any CPU
	EndGlobalSection
	GlobalSection(SolutionProperties) = preSolution
		HideSolutionNode = FALSE
	EndGlobalSection
	GlobalSection(ExtensibilityGlobals) = postSolution
		SolutionGuid = {D614BE27-3037-4AD7-AF21-0C88C37040D0}
	EndGlobalSection
EndGlobal
